// !$*UTF8*$!
{
	archiveVersion = 1;
	classes = {
	};
	objectVersion = 50;
	objects = {

/* Begin PBXBuildFile section */
		FA2B51F625B51667006371D0 /* UILabelViewController.swift in Sources */ = {isa = PBXBuildFile; fileRef = FA2B51F525B51667006371D0 /* UILabelViewController.swift */; };
		FA2B51FB25B519A1006371D0 /* UIButtonViewController.swift in Sources */ = {isa = PBXBuildFile; fileRef = FA2B51FA25B519A0006371D0 /* UIButtonViewController.swift */; };
		FA2B522125B52C4D006371D0 /* UITextFileViewController.swift in Sources */ = {isa = PBXBuildFile; fileRef = FA2B522025B52C4D006371D0 /* UITextFileViewController.swift */; };
		FA2B522825B53200006371D0 /* UITextViewController.swift in Sources */ = {isa = PBXBuildFile; fileRef = FA2B522725B53200006371D0 /* UITextViewController.swift */; };
		FA2B522F25B55B1C006371D0 /* UIImageViewController.swift in Sources */ = {isa = PBXBuildFile; fileRef = FA2B522E25B55B1C006371D0 /* UIImageViewController.swift */; };
		FA2B523A25B56625006371D0 /* GesturesViewController.swift in Sources */ = {isa = PBXBuildFile; fileRef = FA2B523925B56625006371D0 /* GesturesViewController.swift */; };
		FA2B523F25B57015006371D0 /* UISliderViewController.swift in Sources */ = {isa = PBXBuildFile; fileRef = FA2B523E25B57015006371D0 /* UISliderViewController.swift */; };
		FA2B524725B572A8006371D0 /* UISwichViewController.swift in Sources */ = {isa = PBXBuildFile; fileRef = FA2B524625B572A8006371D0 /* UISwichViewController.swift */; };
		FA2B524C25B57554006371D0 /* UIActivityIndicatorViewController.swift in Sources */ = {isa = PBXBuildFile; fileRef = FA2B524B25B57554006371D0 /* UIActivityIndicatorViewController.swift */; };
		FA2B525325B57751006371D0 /* WKWebViewController.swift in Sources */ = {isa = PBXBuildFile; fileRef = FA2B525225B57751006371D0 /* WKWebViewController.swift */; };
		FA2B525825B57A6F006371D0 /* UIPageControlViewController.swift in Sources */ = {isa = PBXBuildFile; fileRef = FA2B525725B57A6F006371D0 /* UIPageControlViewController.swift */; };
		FA2B525E25B57B71006371D0 /* UISegmentedControlViewController.swift in Sources */ = {isa = PBXBuildFile; fileRef = FA2B525D25B57B71006371D0 /* UISegmentedControlViewController.swift */; };
		FA2B526625B57C27006371D0 /* UIProgressViewController.swift in Sources */ = {isa = PBXBuildFile; fileRef = FA2B526525B57C27006371D0 /* UIProgressViewController.swift */; };
		FA2B526B25B57D0A006371D0 /* UIStepperViewController.swift in Sources */ = {isa = PBXBuildFile; fileRef = FA2B526A25B57D0A006371D0 /* UIStepperViewController.swift */; };
		FA2B527025B57DFF006371D0 /* UIPickerViewController.swift in Sources */ = {isa = PBXBuildFile; fileRef = FA2B526F25B57DFF006371D0 /* UIPickerViewController.swift */; };
		FA2B527525B57F3B006371D0 /* UIDatePickerViewController.swift in Sources */ = {isa = PBXBuildFile; fileRef = FA2B527425B57F3B006371D0 /* UIDatePickerViewController.swift */; };
		FA2B527B25B58241006371D0 /* UISearchBarViewController.swift in Sources */ = {isa = PBXBuildFile; fileRef = FA2B527A25B58241006371D0 /* UISearchBarViewController.swift */; };
		FA2B528825B58819006371D0 /* ValueOneViewController.swift in Sources */ = {isa = PBXBuildFile; fileRef = FA2B528725B58819006371D0 /* ValueOneViewController.swift */; };
		FA2B529325B58840006371D0 /* ValueTwoViewController.swift in Sources */ = {isa = PBXBuildFile; fileRef = FA2B529225B58840006371D0 /* ValueTwoViewController.swift */; };
		FA2B529A25B58D51006371D0 /* DelegateOneViewController.swift in Sources */ = {isa = PBXBuildFile; fileRef = FA2B529925B58D51006371D0 /* DelegateOneViewController.swift */; };
		FA2B529F25B58D6E006371D0 /* DelegateTwoViewController.swift in Sources */ = {isa = PBXBuildFile; fileRef = FA2B529E25B58D6E006371D0 /* DelegateTwoViewController.swift */; };
		FA2B52A425B592E9006371D0 /* ClosureOneViewController.swift in Sources */ = {isa = PBXBuildFile; fileRef = FA2B52A325B592E9006371D0 /* ClosureOneViewController.swift */; };
		FA2B52A925B59305006371D0 /* ClosureTwoViewController.swift in Sources */ = {isa = PBXBuildFile; fileRef = FA2B52A825B59305006371D0 /* ClosureTwoViewController.swift */; };
		FA2B52B125B59720006371D0 /* UINavigationControllerViewController.swift in Sources */ = {isa = PBXBuildFile; fileRef = FA2B52B025B59720006371D0 /* UINavigationControllerViewController.swift */; };
		FA2B52BA25B59901006371D0 /* UIAlertControllerViewController.swift in Sources */ = {isa = PBXBuildFile; fileRef = FA2B52B925B59901006371D0 /* UIAlertControllerViewController.swift */; };
		FA2B52C025B59CCC006371D0 /* UIScrollViewController.swift in Sources */ = {isa = PBXBuildFile; fileRef = FA2B52BF25B59CCC006371D0 /* UIScrollViewController.swift */; };
		FA2B52C625B59E7C006371D0 /* UITableViewController.swift in Sources */ = {isa = PBXBuildFile; fileRef = FA2B52C525B59E7C006371D0 /* UITableViewController.swift */; };
		FA2B52CC25B59F85006371D0 /* Product.swift in Sources */ = {isa = PBXBuildFile; fileRef = FA2B52CB25B59F85006371D0 /* Product.swift */; };
		FA2B52D125B59FB7006371D0 /* ProductTableViewCell.swift in Sources */ = {isa = PBXBuildFile; fileRef = FA2B52D025B59FB7006371D0 /* ProductTableViewCell.swift */; };
		FA2B52D925B5B044006371D0 /* UICollectionViewController.swift in Sources */ = {isa = PBXBuildFile; fileRef = FA2B52D825B5B044006371D0 /* UICollectionViewController.swift */; };
		FA883C8225B03E7C00FADF45 /* AppDelegate.swift in Sources */ = {isa = PBXBuildFile; fileRef = FA883C8125B03E7C00FADF45 /* AppDelegate.swift */; };
		FA883C8625B03E7C00FADF45 /* ViewController.swift in Sources */ = {isa = PBXBuildFile; fileRef = FA883C8525B03E7C00FADF45 /* ViewController.swift */; };
		FA883C8925B03E7C00FADF45 /* Main.storyboard in Resources */ = {isa = PBXBuildFile; fileRef = FA883C8725B03E7C00FADF45 /* Main.storyboard */; };
		FA883C8C25B03E7C00FADF45 /* SwiftAll.xcdatamodeld in Sources */ = {isa = PBXBuildFile; fileRef = FA883C8A25B03E7C00FADF45 /* SwiftAll.xcdatamodeld */; };
		FA883C8E25B03E8000FADF45 /* Assets.xcassets in Resources */ = {isa = PBXBuildFile; fileRef = FA883C8D25B03E8000FADF45 /* Assets.xcassets */; };
		FA883C9125B03E8000FADF45 /* LaunchScreen.storyboard in Resources */ = {isa = PBXBuildFile; fileRef = FA883C8F25B03E8000FADF45 /* LaunchScreen.storyboard */; };
		FA883C9C25B03E8000FADF45 /* SwiftAllTests.swift in Sources */ = {isa = PBXBuildFile; fileRef = FA883C9B25B03E8000FADF45 /* SwiftAllTests.swift */; };
		FA883CA725B03E8000FADF45 /* SwiftAllUITests.swift in Sources */ = {isa = PBXBuildFile; fileRef = FA883CA625B03E8000FADF45 /* SwiftAllUITests.swift */; };
		FA883CBF25B04EB700FADF45 /* NSStringViewController.swift in Sources */ = {isa = PBXBuildFile; fileRef = FA883CBE25B04EB700FADF45 /* NSStringViewController.swift */; };
		FA883CC425B04FE000FADF45 /* NSDictionaryViewController.swift in Sources */ = {isa = PBXBuildFile; fileRef = FA883CC325B04FE000FADF45 /* NSDictionaryViewController.swift */; };
		FA883CC925B04FF800FADF45 /* NSArrayViewController.swift in Sources */ = {isa = PBXBuildFile; fileRef = FA883CC825B04FF800FADF45 /* NSArrayViewController.swift */; };
		FAAD09AC25B671180005A82F /* WaterFallLayout.swift in Sources */ = {isa = PBXBuildFile; fileRef = FAAD09AB25B671180005A82F /* WaterFallLayout.swift */; };
		FAAD09B125B6732E0005A82F /* UIAnimationViewController.swift in Sources */ = {isa = PBXBuildFile; fileRef = FAAD09B025B6732E0005A82F /* UIAnimationViewController.swift */; };
		FAAD09BA25B674680005A82F /* GIFAnimationViewController.swift in Sources */ = {isa = PBXBuildFile; fileRef = FAAD09B925B674680005A82F /* GIFAnimationViewController.swift */; };
		FAAD09C225B6758B0005A82F /* animation.gif in Resources */ = {isa = PBXBuildFile; fileRef = FAAD09C125B6758B0005A82F /* animation.gif */; };
		FAAD09C725B679B60005A82F /* UserDefaultsViewController.swift in Sources */ = {isa = PBXBuildFile; fileRef = FAAD09C625B679B60005A82F /* UserDefaultsViewController.swift */; };
		FAAD09CC25B67A990005A82F /* PlistViewController.swift in Sources */ = {isa = PBXBuildFile; fileRef = FAAD09CB25B67A990005A82F /* PlistViewController.swift */; };
		FAAD09DA25B6C8FA0005A82F /* ArchiverViewController.swift in Sources */ = {isa = PBXBuildFile; fileRef = FAAD09D925B6C8FA0005A82F /* ArchiverViewController.swift */; };
		FAAD09E225B6C9350005A82F /* People.swift in Sources */ = {isa = PBXBuildFile; fileRef = FAAD09E125B6C9350005A82F /* People.swift */; };
		FAAD09ED25B6D9660005A82F /* SQLiteViewController.swift in Sources */ = {isa = PBXBuildFile; fileRef = FAAD09EC25B6D9660005A82F /* SQLiteViewController.swift */; };
		FAAD09F725B6D9BE0005A82F /* ObjectiveC_Hander.m in Sources */ = {isa = PBXBuildFile; fileRef = FAAD09F625B6D9BE0005A82F /* ObjectiveC_Hander.m */; };
		FAFEA42A25B18FF900B68E73 /* FuncViewController.swift in Sources */ = {isa = PBXBuildFile; fileRef = FAFEA42925B18FF900B68E73 /* FuncViewController.swift */; };
/* End PBXBuildFile section */

/* Begin PBXContainerItemProxy section */
		FA883C9825B03E8000FADF45 /* PBXContainerItemProxy */ = {
			isa = PBXContainerItemProxy;
			containerPortal = FA883C7625B03E7C00FADF45 /* Project object */;
			proxyType = 1;
			remoteGlobalIDString = FA883C7D25B03E7C00FADF45;
			remoteInfo = SwiftAll;
		};
		FA883CA325B03E8000FADF45 /* PBXContainerItemProxy */ = {
			isa = PBXContainerItemProxy;
			containerPortal = FA883C7625B03E7C00FADF45 /* Project object */;
			proxyType = 1;
			remoteGlobalIDString = FA883C7D25B03E7C00FADF45;
			remoteInfo = SwiftAll;
		};
/* End PBXContainerItemProxy section */

/* Begin PBXFileReference section */
		FA2B51F525B51667006371D0 /* UILabelViewController.swift */ = {isa = PBXFileReference; lastKnownFileType = sourcecode.swift; path = UILabelViewController.swift; sourceTree = "<group>"; };
		FA2B51FA25B519A0006371D0 /* UIButtonViewController.swift */ = {isa = PBXFileReference; lastKnownFileType = sourcecode.swift; path = UIButtonViewController.swift; sourceTree = "<group>"; };
		FA2B522025B52C4D006371D0 /* UITextFileViewController.swift */ = {isa = PBXFileReference; lastKnownFileType = sourcecode.swift; path = UITextFileViewController.swift; sourceTree = "<group>"; };
		FA2B522725B53200006371D0 /* UITextViewController.swift */ = {isa = PBXFileReference; lastKnownFileType = sourcecode.swift; path = UITextViewController.swift; sourceTree = "<group>"; };
		FA2B522E25B55B1C006371D0 /* UIImageViewController.swift */ = {isa = PBXFileReference; lastKnownFileType = sourcecode.swift; path = UIImageViewController.swift; sourceTree = "<group>"; };
		FA2B523925B56625006371D0 /* GesturesViewController.swift */ = {isa = PBXFileReference; lastKnownFileType = sourcecode.swift; path = GesturesViewController.swift; sourceTree = "<group>"; };
		FA2B523E25B57015006371D0 /* UISliderViewController.swift */ = {isa = PBXFileReference; lastKnownFileType = sourcecode.swift; path = UISliderViewController.swift; sourceTree = "<group>"; };
		FA2B524625B572A8006371D0 /* UISwichViewController.swift */ = {isa = PBXFileReference; lastKnownFileType = sourcecode.swift; path = UISwichViewController.swift; sourceTree = "<group>"; };
		FA2B524B25B57554006371D0 /* UIActivityIndicatorViewController.swift */ = {isa = PBXFileReference; lastKnownFileType = sourcecode.swift; path = UIActivityIndicatorViewController.swift; sourceTree = "<group>"; };
		FA2B525225B57751006371D0 /* WKWebViewController.swift */ = {isa = PBXFileReference; lastKnownFileType = sourcecode.swift; path = WKWebViewController.swift; sourceTree = "<group>"; };
		FA2B525725B57A6F006371D0 /* UIPageControlViewController.swift */ = {isa = PBXFileReference; lastKnownFileType = sourcecode.swift; path = UIPageControlViewController.swift; sourceTree = "<group>"; };
		FA2B525D25B57B71006371D0 /* UISegmentedControlViewController.swift */ = {isa = PBXFileReference; lastKnownFileType = sourcecode.swift; path = UISegmentedControlViewController.swift; sourceTree = "<group>"; };
		FA2B526525B57C27006371D0 /* UIProgressViewController.swift */ = {isa = PBXFileReference; lastKnownFileType = sourcecode.swift; path = UIProgressViewController.swift; sourceTree = "<group>"; };
		FA2B526A25B57D0A006371D0 /* UIStepperViewController.swift */ = {isa = PBXFileReference; lastKnownFileType = sourcecode.swift; path = UIStepperViewController.swift; sourceTree = "<group>"; };
		FA2B526F25B57DFF006371D0 /* UIPickerViewController.swift */ = {isa = PBXFileReference; lastKnownFileType = sourcecode.swift; path = UIPickerViewController.swift; sourceTree = "<group>"; };
		FA2B527425B57F3B006371D0 /* UIDatePickerViewController.swift */ = {isa = PBXFileReference; lastKnownFileType = sourcecode.swift; path = UIDatePickerViewController.swift; sourceTree = "<group>"; };
		FA2B527A25B58241006371D0 /* UISearchBarViewController.swift */ = {isa = PBXFileReference; lastKnownFileType = sourcecode.swift; path = UISearchBarViewController.swift; sourceTree = "<group>"; };
		FA2B528725B58819006371D0 /* ValueOneViewController.swift */ = {isa = PBXFileReference; lastKnownFileType = sourcecode.swift; path = ValueOneViewController.swift; sourceTree = "<group>"; };
		FA2B529225B58840006371D0 /* ValueTwoViewController.swift */ = {isa = PBXFileReference; lastKnownFileType = sourcecode.swift; path = ValueTwoViewController.swift; sourceTree = "<group>"; };
		FA2B529925B58D51006371D0 /* DelegateOneViewController.swift */ = {isa = PBXFileReference; lastKnownFileType = sourcecode.swift; path = DelegateOneViewController.swift; sourceTree = "<group>"; };
		FA2B529E25B58D6E006371D0 /* DelegateTwoViewController.swift */ = {isa = PBXFileReference; lastKnownFileType = sourcecode.swift; path = DelegateTwoViewController.swift; sourceTree = "<group>"; };
		FA2B52A325B592E9006371D0 /* ClosureOneViewController.swift */ = {isa = PBXFileReference; lastKnownFileType = sourcecode.swift; path = ClosureOneViewController.swift; sourceTree = "<group>"; };
		FA2B52A825B59305006371D0 /* ClosureTwoViewController.swift */ = {isa = PBXFileReference; lastKnownFileType = sourcecode.swift; path = ClosureTwoViewController.swift; sourceTree = "<group>"; };
		FA2B52B025B59720006371D0 /* UINavigationControllerViewController.swift */ = {isa = PBXFileReference; lastKnownFileType = sourcecode.swift; path = UINavigationControllerViewController.swift; sourceTree = "<group>"; };
		FA2B52B925B59901006371D0 /* UIAlertControllerViewController.swift */ = {isa = PBXFileReference; lastKnownFileType = sourcecode.swift; path = UIAlertControllerViewController.swift; sourceTree = "<group>"; };
		FA2B52BF25B59CCC006371D0 /* UIScrollViewController.swift */ = {isa = PBXFileReference; lastKnownFileType = sourcecode.swift; path = UIScrollViewController.swift; sourceTree = "<group>"; };
		FA2B52C525B59E7C006371D0 /* UITableViewController.swift */ = {isa = PBXFileReference; lastKnownFileType = sourcecode.swift; path = UITableViewController.swift; sourceTree = "<group>"; };
		FA2B52CB25B59F85006371D0 /* Product.swift */ = {isa = PBXFileReference; lastKnownFileType = sourcecode.swift; path = Product.swift; sourceTree = "<group>"; };
		FA2B52D025B59FB7006371D0 /* ProductTableViewCell.swift */ = {isa = PBXFileReference; lastKnownFileType = sourcecode.swift; path = ProductTableViewCell.swift; sourceTree = "<group>"; };
		FA2B52D825B5B044006371D0 /* UICollectionViewController.swift */ = {isa = PBXFileReference; lastKnownFileType = sourcecode.swift; path = UICollectionViewController.swift; sourceTree = "<group>"; };
		FA883C7E25B03E7C00FADF45 /* SwiftAll.app */ = {isa = PBXFileReference; explicitFileType = wrapper.application; includeInIndex = 0; path = SwiftAll.app; sourceTree = BUILT_PRODUCTS_DIR; };
		FA883C8125B03E7C00FADF45 /* AppDelegate.swift */ = {isa = PBXFileReference; lastKnownFileType = sourcecode.swift; path = AppDelegate.swift; sourceTree = "<group>"; };
		FA883C8525B03E7C00FADF45 /* ViewController.swift */ = {isa = PBXFileReference; lastKnownFileType = sourcecode.swift; path = ViewController.swift; sourceTree = "<group>"; };
		FA883C8825B03E7C00FADF45 /* Base */ = {isa = PBXFileReference; lastKnownFileType = file.storyboard; name = Base; path = Base.lproj/Main.storyboard; sourceTree = "<group>"; };
		FA883C8B25B03E7C00FADF45 /* SwiftAll.xcdatamodel */ = {isa = PBXFileReference; lastKnownFileType = wrapper.xcdatamodel; path = SwiftAll.xcdatamodel; sourceTree = "<group>"; };
		FA883C8D25B03E8000FADF45 /* Assets.xcassets */ = {isa = PBXFileReference; lastKnownFileType = folder.assetcatalog; path = Assets.xcassets; sourceTree = "<group>"; };
		FA883C9025B03E8000FADF45 /* Base */ = {isa = PBXFileReference; lastKnownFileType = file.storyboard; name = Base; path = Base.lproj/LaunchScreen.storyboard; sourceTree = "<group>"; };
		FA883C9225B03E8000FADF45 /* Info.plist */ = {isa = PBXFileReference; lastKnownFileType = text.plist.xml; path = Info.plist; sourceTree = "<group>"; };
		FA883C9725B03E8000FADF45 /* SwiftAllTests.xctest */ = {isa = PBXFileReference; explicitFileType = wrapper.cfbundle; includeInIndex = 0; path = SwiftAllTests.xctest; sourceTree = BUILT_PRODUCTS_DIR; };
		FA883C9B25B03E8000FADF45 /* SwiftAllTests.swift */ = {isa = PBXFileReference; lastKnownFileType = sourcecode.swift; path = SwiftAllTests.swift; sourceTree = "<group>"; };
		FA883C9D25B03E8000FADF45 /* Info.plist */ = {isa = PBXFileReference; lastKnownFileType = text.plist.xml; path = Info.plist; sourceTree = "<group>"; };
		FA883CA225B03E8000FADF45 /* SwiftAllUITests.xctest */ = {isa = PBXFileReference; explicitFileType = wrapper.cfbundle; includeInIndex = 0; path = SwiftAllUITests.xctest; sourceTree = BUILT_PRODUCTS_DIR; };
		FA883CA625B03E8000FADF45 /* SwiftAllUITests.swift */ = {isa = PBXFileReference; lastKnownFileType = sourcecode.swift; path = SwiftAllUITests.swift; sourceTree = "<group>"; };
		FA883CA825B03E8000FADF45 /* Info.plist */ = {isa = PBXFileReference; lastKnownFileType = text.plist.xml; path = Info.plist; sourceTree = "<group>"; };
		FA883CBE25B04EB700FADF45 /* NSStringViewController.swift */ = {isa = PBXFileReference; lastKnownFileType = sourcecode.swift; path = NSStringViewController.swift; sourceTree = "<group>"; };
		FA883CC325B04FE000FADF45 /* NSDictionaryViewController.swift */ = {isa = PBXFileReference; lastKnownFileType = sourcecode.swift; path = NSDictionaryViewController.swift; sourceTree = "<group>"; };
		FA883CC825B04FF800FADF45 /* NSArrayViewController.swift */ = {isa = PBXFileReference; lastKnownFileType = sourcecode.swift; path = NSArrayViewController.swift; sourceTree = "<group>"; };
		FAAD09AB25B671180005A82F /* WaterFallLayout.swift */ = {isa = PBXFileReference; lastKnownFileType = sourcecode.swift; path = WaterFallLayout.swift; sourceTree = "<group>"; };
		FAAD09B025B6732E0005A82F /* UIAnimationViewController.swift */ = {isa = PBXFileReference; lastKnownFileType = sourcecode.swift; path = UIAnimationViewController.swift; sourceTree = "<group>"; };
		FAAD09B925B674680005A82F /* GIFAnimationViewController.swift */ = {isa = PBXFileReference; lastKnownFileType = sourcecode.swift; path = GIFAnimationViewController.swift; sourceTree = "<group>"; };
		FAAD09C125B6758B0005A82F /* animation.gif */ = {isa = PBXFileReference; lastKnownFileType = image.gif; path = animation.gif; sourceTree = "<group>"; };
		FAAD09C625B679B60005A82F /* UserDefaultsViewController.swift */ = {isa = PBXFileReference; lastKnownFileType = sourcecode.swift; path = UserDefaultsViewController.swift; sourceTree = "<group>"; };
		FAAD09CB25B67A990005A82F /* PlistViewController.swift */ = {isa = PBXFileReference; lastKnownFileType = sourcecode.swift; path = PlistViewController.swift; sourceTree = "<group>"; };
		FAAD09D925B6C8FA0005A82F /* ArchiverViewController.swift */ = {isa = PBXFileReference; lastKnownFileType = sourcecode.swift; path = ArchiverViewController.swift; sourceTree = "<group>"; };
		FAAD09E125B6C9350005A82F /* People.swift */ = {isa = PBXFileReference; lastKnownFileType = sourcecode.swift; path = People.swift; sourceTree = "<group>"; };
		FAAD09EC25B6D9660005A82F /* SQLiteViewController.swift */ = {isa = PBXFileReference; lastKnownFileType = sourcecode.swift; path = SQLiteViewController.swift; sourceTree = "<group>"; };
		FAAD09F425B6D9BD0005A82F /* SwiftAll-Bridging-Header.h */ = {isa = PBXFileReference; lastKnownFileType = sourcecode.c.h; path = "SwiftAll-Bridging-Header.h"; sourceTree = "<group>"; };
		FAAD09F525B6D9BE0005A82F /* ObjectiveC_Hander.h */ = {isa = PBXFileReference; lastKnownFileType = sourcecode.c.h; path = ObjectiveC_Hander.h; sourceTree = "<group>"; };
		FAAD09F625B6D9BE0005A82F /* ObjectiveC_Hander.m */ = {isa = PBXFileReference; lastKnownFileType = sourcecode.c.objc; path = ObjectiveC_Hander.m; sourceTree = "<group>"; };
		FAFEA42925B18FF900B68E73 /* FuncViewController.swift */ = {isa = PBXFileReference; lastKnownFileType = sourcecode.swift; path = FuncViewController.swift; sourceTree = "<group>"; };
/* End PBXFileReference section */

/* Begin PBXFrameworksBuildPhase section */
		FA883C7B25B03E7C00FADF45 /* Frameworks */ = {
			isa = PBXFrameworksBuildPhase;
			buildActionMask = 2147483647;
			files = (
			);
			runOnlyForDeploymentPostprocessing = 0;
		};
		FA883C9425B03E8000FADF45 /* Frameworks */ = {
			isa = PBXFrameworksBuildPhase;
			buildActionMask = 2147483647;
			files = (
			);
			runOnlyForDeploymentPostprocessing = 0;
		};
		FA883C9F25B03E8000FADF45 /* Frameworks */ = {
			isa = PBXFrameworksBuildPhase;
			buildActionMask = 2147483647;
			files = (
			);
			runOnlyForDeploymentPostprocessing = 0;
		};
/* End PBXFrameworksBuildPhase section */

/* Begin PBXGroup section */
		FA2B528025B58498006371D0 /* Closure(闭包传值) */ = {
			isa = PBXGroup;
			children = (
				FA2B52A325B592E9006371D0 /* ClosureOneViewController.swift */,
				FA2B52A825B59305006371D0 /* ClosureTwoViewController.swift */,
			);
			path = "Closure(闭包传值)";
			sourceTree = "<group>";
		};
		FA2B528525B58563006371D0 /* Value(属性传值) */ = {
			isa = PBXGroup;
			children = (
				FA2B528725B58819006371D0 /* ValueOneViewController.swift */,
				FA2B529225B58840006371D0 /* ValueTwoViewController.swift */,
			);
			path = "Value(属性传值)";
			sourceTree = "<group>";
		};
		FA2B528625B587AA006371D0 /* Delegete(代理传值) */ = {
			isa = PBXGroup;
			children = (
				FA2B529925B58D51006371D0 /* DelegateOneViewController.swift */,
				FA2B529E25B58D6E006371D0 /* DelegateTwoViewController.swift */,
			);
			path = "Delegete(代理传值)";
			sourceTree = "<group>";
		};
		FA2B52C425B59E34006371D0 /* UITableViewController */ = {
			isa = PBXGroup;
			children = (
				FA2B52C525B59E7C006371D0 /* UITableViewController.swift */,
				FA2B52CB25B59F85006371D0 /* Product.swift */,
				FA2B52D025B59FB7006371D0 /* ProductTableViewCell.swift */,
			);
			path = UITableViewController;
			sourceTree = "<group>";
		};
		FA883C7525B03E7C00FADF45 = {
			isa = PBXGroup;
			children = (
				FA883C8025B03E7C00FADF45 /* SwiftAll */,
				FA883C9A25B03E8000FADF45 /* SwiftAllTests */,
				FA883CA525B03E8000FADF45 /* SwiftAllUITests */,
				FA883C7F25B03E7C00FADF45 /* Products */,
			);
			sourceTree = "<group>";
		};
		FA883C7F25B03E7C00FADF45 /* Products */ = {
			isa = PBXGroup;
			children = (
				FA883C7E25B03E7C00FADF45 /* SwiftAll.app */,
				FA883C9725B03E8000FADF45 /* SwiftAllTests.xctest */,
				FA883CA225B03E8000FADF45 /* SwiftAllUITests.xctest */,
			);
			name = Products;
			sourceTree = "<group>";
		};
		FA883C8025B03E7C00FADF45 /* SwiftAll */ = {
			isa = PBXGroup;
			children = (
				FA883C8125B03E7C00FADF45 /* AppDelegate.swift */,
				FA883C8525B03E7C00FADF45 /* ViewController.swift */,
				FA883CBE25B04EB700FADF45 /* NSStringViewController.swift */,
				FA883CC325B04FE000FADF45 /* NSDictionaryViewController.swift */,
				FA883CC825B04FF800FADF45 /* NSArrayViewController.swift */,
				FAFEA42925B18FF900B68E73 /* FuncViewController.swift */,
				FA2B51F525B51667006371D0 /* UILabelViewController.swift */,
				FA2B51FA25B519A0006371D0 /* UIButtonViewController.swift */,
				FA2B522025B52C4D006371D0 /* UITextFileViewController.swift */,
				FA2B522725B53200006371D0 /* UITextViewController.swift */,
				FA2B522E25B55B1C006371D0 /* UIImageViewController.swift */,
				FA2B523925B56625006371D0 /* GesturesViewController.swift */,
				FA2B523E25B57015006371D0 /* UISliderViewController.swift */,
				FA2B524625B572A8006371D0 /* UISwichViewController.swift */,
				FA2B524B25B57554006371D0 /* UIActivityIndicatorViewController.swift */,
				FA2B525225B57751006371D0 /* WKWebViewController.swift */,
				FA2B525725B57A6F006371D0 /* UIPageControlViewController.swift */,
				FA2B525D25B57B71006371D0 /* UISegmentedControlViewController.swift */,
				FA2B526525B57C27006371D0 /* UIProgressViewController.swift */,
				FA2B526A25B57D0A006371D0 /* UIStepperViewController.swift */,
				FA2B526F25B57DFF006371D0 /* UIPickerViewController.swift */,
				FA2B527425B57F3B006371D0 /* UIDatePickerViewController.swift */,
				FA2B527A25B58241006371D0 /* UISearchBarViewController.swift */,
				FA2B528525B58563006371D0 /* Value(属性传值) */,
				FA2B528625B587AA006371D0 /* Delegete(代理传值) */,
				FA2B528025B58498006371D0 /* Closure(闭包传值) */,
				FA2B52B025B59720006371D0 /* UINavigationControllerViewController.swift */,
				FA2B52B925B59901006371D0 /* UIAlertControllerViewController.swift */,
				FA2B52BF25B59CCC006371D0 /* UIScrollViewController.swift */,
				FA2B52C425B59E34006371D0 /* UITableViewController */,
				FAAD09AA25B6707A0005A82F /* UICollectionView */,
				FAAD09B025B6732E0005A82F /* UIAnimationViewController.swift */,
				FAAD09B925B674680005A82F /* GIFAnimationViewController.swift */,
				FAAD09C125B6758B0005A82F /* animation.gif */,
				FAAD09C625B679B60005A82F /* UserDefaultsViewController.swift */,
				FAAD09CB25B67A990005A82F /* PlistViewController.swift */,
				FAAD09D025B67B2C0005A82F /* Archiver */,
				FAAD09EB25B6D9100005A82F /* SQLite */,
				FA883C8725B03E7C00FADF45 /* Main.storyboard */,
				FA883C8D25B03E8000FADF45 /* Assets.xcassets */,
				FA883C8F25B03E8000FADF45 /* LaunchScreen.storyboard */,
				FA883C9225B03E8000FADF45 /* Info.plist */,
				FA883C8A25B03E7C00FADF45 /* SwiftAll.xcdatamodeld */,
			);
			path = SwiftAll;
			sourceTree = "<group>";
		};
		FA883C9A25B03E8000FADF45 /* SwiftAllTests */ = {
			isa = PBXGroup;
			children = (
				FA883C9B25B03E8000FADF45 /* SwiftAllTests.swift */,
				FA883C9D25B03E8000FADF45 /* Info.plist */,
			);
			path = SwiftAllTests;
			sourceTree = "<group>";
		};
		FA883CA525B03E8000FADF45 /* SwiftAllUITests */ = {
			isa = PBXGroup;
			children = (
				FA883CA625B03E8000FADF45 /* SwiftAllUITests.swift */,
				FA883CA825B03E8000FADF45 /* Info.plist */,
			);
			path = SwiftAllUITests;
			sourceTree = "<group>";
		};
		FAAD09AA25B6707A0005A82F /* UICollectionView */ = {
			isa = PBXGroup;
			children = (
				FA2B52D825B5B044006371D0 /* UICollectionViewController.swift */,
				FAAD09AB25B671180005A82F /* WaterFallLayout.swift */,
			);
			path = UICollectionView;
			sourceTree = "<group>";
		};
		FAAD09D025B67B2C0005A82F /* Archiver */ = {
			isa = PBXGroup;
			children = (
				FAAD09D925B6C8FA0005A82F /* ArchiverViewController.swift */,
				FAAD09E125B6C9350005A82F /* People.swift */,
			);
			path = Archiver;
			sourceTree = "<group>";
		};
		FAAD09EB25B6D9100005A82F /* SQLite */ = {
			isa = PBXGroup;
			children = (
				FAAD09EC25B6D9660005A82F /* SQLiteViewController.swift */,
				FAAD09F525B6D9BE0005A82F /* ObjectiveC_Hander.h */,
				FAAD09F625B6D9BE0005A82F /* ObjectiveC_Hander.m */,
				FAAD09F425B6D9BD0005A82F /* SwiftAll-Bridging-Header.h */,
			);
			path = SQLite;
			sourceTree = "<group>";
		};
/* End PBXGroup section */

/* Begin PBXNativeTarget section */
		FA883C7D25B03E7C00FADF45 /* SwiftAll */ = {
			isa = PBXNativeTarget;
			buildConfigurationList = FA883CAB25B03E8000FADF45 /* Build configuration list for PBXNativeTarget "SwiftAll" */;
			buildPhases = (
				FA883C7A25B03E7C00FADF45 /* Sources */,
				FA883C7B25B03E7C00FADF45 /* Frameworks */,
				FA883C7C25B03E7C00FADF45 /* Resources */,
			);
			buildRules = (
			);
			dependencies = (
			);
			name = SwiftAll;
			productName = SwiftAll;
			productReference = FA883C7E25B03E7C00FADF45 /* SwiftAll.app */;
			productType = "com.apple.product-type.application";
		};
		FA883C9625B03E8000FADF45 /* SwiftAllTests */ = {
			isa = PBXNativeTarget;
			buildConfigurationList = FA883CAE25B03E8000FADF45 /* Build configuration list for PBXNativeTarget "SwiftAllTests" */;
			buildPhases = (
				FA883C9325B03E8000FADF45 /* Sources */,
				FA883C9425B03E8000FADF45 /* Frameworks */,
				FA883C9525B03E8000FADF45 /* Resources */,
			);
			buildRules = (
			);
			dependencies = (
				FA883C9925B03E8000FADF45 /* PBXTargetDependency */,
			);
			name = SwiftAllTests;
			productName = SwiftAllTests;
			productReference = FA883C9725B03E8000FADF45 /* SwiftAllTests.xctest */;
			productType = "com.apple.product-type.bundle.unit-test";
		};
		FA883CA125B03E8000FADF45 /* SwiftAllUITests */ = {
			isa = PBXNativeTarget;
			buildConfigurationList = FA883CB125B03E8000FADF45 /* Build configuration list for PBXNativeTarget "SwiftAllUITests" */;
			buildPhases = (
				FA883C9E25B03E8000FADF45 /* Sources */,
				FA883C9F25B03E8000FADF45 /* Frameworks */,
				FA883CA025B03E8000FADF45 /* Resources */,
			);
			buildRules = (
			);
			dependencies = (
				FA883CA425B03E8000FADF45 /* PBXTargetDependency */,
			);
			name = SwiftAllUITests;
			productName = SwiftAllUITests;
			productReference = FA883CA225B03E8000FADF45 /* SwiftAllUITests.xctest */;
			productType = "com.apple.product-type.bundle.ui-testing";
		};
/* End PBXNativeTarget section */

/* Begin PBXProject section */
		FA883C7625B03E7C00FADF45 /* Project object */ = {
			isa = PBXProject;
			attributes = {
				LastSwiftUpdateCheck = 1230;
				LastUpgradeCheck = 1230;
				TargetAttributes = {
					FA883C7D25B03E7C00FADF45 = {
						CreatedOnToolsVersion = 12.3;
						LastSwiftMigration = 1230;
					};
					FA883C9625B03E8000FADF45 = {
						CreatedOnToolsVersion = 12.3;
						TestTargetID = FA883C7D25B03E7C00FADF45;
					};
					FA883CA125B03E8000FADF45 = {
						CreatedOnToolsVersion = 12.3;
						TestTargetID = FA883C7D25B03E7C00FADF45;
					};
				};
			};
			buildConfigurationList = FA883C7925B03E7C00FADF45 /* Build configuration list for PBXProject "SwiftAll" */;
			compatibilityVersion = "Xcode 9.3";
			developmentRegion = en;
			hasScannedForEncodings = 0;
			knownRegions = (
				en,
				Base,
			);
			mainGroup = FA883C7525B03E7C00FADF45;
			productRefGroup = FA883C7F25B03E7C00FADF45 /* Products */;
			projectDirPath = "";
			projectRoot = "";
			targets = (
				FA883C7D25B03E7C00FADF45 /* SwiftAll */,
				FA883C9625B03E8000FADF45 /* SwiftAllTests */,
				FA883CA125B03E8000FADF45 /* SwiftAllUITests */,
			);
		};
/* End PBXProject section */

/* Begin PBXResourcesBuildPhase section */
		FA883C7C25B03E7C00FADF45 /* Resources */ = {
			isa = PBXResourcesBuildPhase;
			buildActionMask = 2147483647;
			files = (
				FA883C9125B03E8000FADF45 /* LaunchScreen.storyboard in Resources */,
				FAAD09C225B6758B0005A82F /* animation.gif in Resources */,
				FA883C8E25B03E8000FADF45 /* Assets.xcassets in Resources */,
				FA883C8925B03E7C00FADF45 /* Main.storyboard in Resources */,
			);
			runOnlyForDeploymentPostprocessing = 0;
		};
		FA883C9525B03E8000FADF45 /* Resources */ = {
			isa = PBXResourcesBuildPhase;
			buildActionMask = 2147483647;
			files = (
			);
			runOnlyForDeploymentPostprocessing = 0;
		};
		FA883CA025B03E8000FADF45 /* Resources */ = {
			isa = PBXResourcesBuildPhase;
			buildActionMask = 2147483647;
			files = (
			);
			runOnlyForDeploymentPostprocessing = 0;
		};
/* End PBXResourcesBuildPhase section */

/* Begin PBXSourcesBuildPhase section */
		FA883C7A25B03E7C00FADF45 /* Sources */ = {
			isa = PBXSourcesBuildPhase;
			buildActionMask = 2147483647;
			files = (
				FA2B52B125B59720006371D0 /* UINavigationControllerViewController.swift in Sources */,
				FA2B529A25B58D51006371D0 /* DelegateOneViewController.swift in Sources */,
				FA883C8625B03E7C00FADF45 /* ViewController.swift in Sources */,
				FA2B527525B57F3B006371D0 /* UIDatePickerViewController.swift in Sources */,
				FA2B523A25B56625006371D0 /* GesturesViewController.swift in Sources */,
				FA2B522825B53200006371D0 /* UITextViewController.swift in Sources */,
				FA2B522125B52C4D006371D0 /* UITextFileViewController.swift in Sources */,
				FA2B524725B572A8006371D0 /* UISwichViewController.swift in Sources */,
				FA2B52A925B59305006371D0 /* ClosureTwoViewController.swift in Sources */,
				FA2B525825B57A6F006371D0 /* UIPageControlViewController.swift in Sources */,
				FA2B52C025B59CCC006371D0 /* UIScrollViewController.swift in Sources */,
				FAFEA42A25B18FF900B68E73 /* FuncViewController.swift in Sources */,
				FA2B526625B57C27006371D0 /* UIProgressViewController.swift in Sources */,
				FA2B528825B58819006371D0 /* ValueOneViewController.swift in Sources */,
				FA2B523F25B57015006371D0 /* UISliderViewController.swift in Sources */,
				FAAD09ED25B6D9660005A82F /* SQLiteViewController.swift in Sources */,
				FA883C8225B03E7C00FADF45 /* AppDelegate.swift in Sources */,
				FA2B51F625B51667006371D0 /* UILabelViewController.swift in Sources */,
				FA2B524C25B57554006371D0 /* UIActivityIndicatorViewController.swift in Sources */,
				FA2B527025B57DFF006371D0 /* UIPickerViewController.swift in Sources */,
				FA2B526B25B57D0A006371D0 /* UIStepperViewController.swift in Sources */,
				FA2B52D925B5B044006371D0 /* UICollectionViewController.swift in Sources */,
				FA2B51FB25B519A1006371D0 /* UIButtonViewController.swift in Sources */,
				FA883CBF25B04EB700FADF45 /* NSStringViewController.swift in Sources */,
				FA883CC925B04FF800FADF45 /* NSArrayViewController.swift in Sources */,
				FAAD09B125B6732E0005A82F /* UIAnimationViewController.swift in Sources */,
				FA2B527B25B58241006371D0 /* UISearchBarViewController.swift in Sources */,
				FA883C8C25B03E7C00FADF45 /* SwiftAll.xcdatamodeld in Sources */,
				FAAD09AC25B671180005A82F /* WaterFallLayout.swift in Sources */,
				FAAD09F725B6D9BE0005A82F /* ObjectiveC_Hander.m in Sources */,
				FA2B52A425B592E9006371D0 /* ClosureOneViewController.swift in Sources */,
				FA2B52BA25B59901006371D0 /* UIAlertControllerViewController.swift in Sources */,
				FA2B52CC25B59F85006371D0 /* Product.swift in Sources */,
				FAAD09C725B679B60005A82F /* UserDefaultsViewController.swift in Sources */,
				FAAD09DA25B6C8FA0005A82F /* ArchiverViewController.swift in Sources */,
				FA2B525E25B57B71006371D0 /* UISegmentedControlViewController.swift in Sources */,
				FAAD09BA25B674680005A82F /* GIFAnimationViewController.swift in Sources */,
				FA2B52D125B59FB7006371D0 /* ProductTableViewCell.swift in Sources */,
				FA2B522F25B55B1C006371D0 /* UIImageViewController.swift in Sources */,
				FA2B52C625B59E7C006371D0 /* UITableViewController.swift in Sources */,
				FAAD09CC25B67A990005A82F /* PlistViewController.swift in Sources */,
				FA883CC425B04FE000FADF45 /* NSDictionaryViewController.swift in Sources */,
				FAAD09E225B6C9350005A82F /* People.swift in Sources */,
				FA2B525325B57751006371D0 /* WKWebViewController.swift in Sources */,
				FA2B529F25B58D6E006371D0 /* DelegateTwoViewController.swift in Sources */,
				FA2B529325B58840006371D0 /* ValueTwoViewController.swift in Sources */,
			);
			runOnlyForDeploymentPostprocessing = 0;
		};
		FA883C9325B03E8000FADF45 /* Sources */ = {
			isa = PBXSourcesBuildPhase;
			buildActionMask = 2147483647;
			files = (
				FA883C9C25B03E8000FADF45 /* SwiftAllTests.swift in Sources */,
			);
			runOnlyForDeploymentPostprocessing = 0;
		};
		FA883C9E25B03E8000FADF45 /* Sources */ = {
			isa = PBXSourcesBuildPhase;
			buildActionMask = 2147483647;
			files = (
				FA883CA725B03E8000FADF45 /* SwiftAllUITests.swift in Sources */,
			);
			runOnlyForDeploymentPostprocessing = 0;
		};
/* End PBXSourcesBuildPhase section */

/* Begin PBXTargetDependency section */
		FA883C9925B03E8000FADF45 /* PBXTargetDependency */ = {
			isa = PBXTargetDependency;
			target = FA883C7D25B03E7C00FADF45 /* SwiftAll */;
			targetProxy = FA883C9825B03E8000FADF45 /* PBXContainerItemProxy */;
		};
		FA883CA425B03E8000FADF45 /* PBXTargetDependency */ = {
			isa = PBXTargetDependency;
			target = FA883C7D25B03E7C00FADF45 /* SwiftAll */;
			targetProxy = FA883CA325B03E8000FADF45 /* PBXContainerItemProxy */;
		};
/* End PBXTargetDependency section */

/* Begin PBXVariantGroup section */
		FA883C8725B03E7C00FADF45 /* Main.storyboard */ = {
			isa = PBXVariantGroup;
			children = (
				FA883C8825B03E7C00FADF45 /* Base */,
			);
			name = Main.storyboard;
			sourceTree = "<group>";
		};
		FA883C8F25B03E8000FADF45 /* LaunchScreen.storyboard */ = {
			isa = PBXVariantGroup;
			children = (
				FA883C9025B03E8000FADF45 /* Base */,
			);
			name = LaunchScreen.storyboard;
			sourceTree = "<group>";
		};
/* End PBXVariantGroup section */

/* Begin XCBuildConfiguration section */
		FA883CA925B03E8000FADF45 /* Debug */ = {
			isa = XCBuildConfiguration;
			buildSettings = {
				ALWAYS_SEARCH_USER_PATHS = NO;
				CLANG_ANALYZER_NONNULL = YES;
				CLANG_ANALYZER_NUMBER_OBJECT_CONVERSION = YES_AGGRESSIVE;
				CLANG_CXX_LANGUAGE_STANDARD = "gnu++14";
				CLANG_CXX_LIBRARY = "libc++";
				CLANG_ENABLE_MODULES = YES;
				CLANG_ENABLE_OBJC_ARC = YES;
				CLANG_ENABLE_OBJC_WEAK = YES;
				CLANG_WARN_BLOCK_CAPTURE_AUTORELEASING = YES;
				CLANG_WARN_BOOL_CONVERSION = YES;
				CLANG_WARN_COMMA = YES;
				CLANG_WARN_CONSTANT_CONVERSION = YES;
				CLANG_WARN_DEPRECATED_OBJC_IMPLEMENTATIONS = YES;
				CLANG_WARN_DIRECT_OBJC_ISA_USAGE = YES_ERROR;
				CLANG_WARN_DOCUMENTATION_COMMENTS = YES;
				CLANG_WARN_EMPTY_BODY = YES;
				CLANG_WARN_ENUM_CONVERSION = YES;
				CLANG_WARN_INFINITE_RECURSION = YES;
				CLANG_WARN_INT_CONVERSION = YES;
				CLANG_WARN_NON_LITERAL_NULL_CONVERSION = YES;
				CLANG_WARN_OBJC_IMPLICIT_RETAIN_SELF = YES;
				CLANG_WARN_OBJC_LITERAL_CONVERSION = YES;
				CLANG_WARN_OBJC_ROOT_CLASS = YES_ERROR;
				CLANG_WARN_QUOTED_INCLUDE_IN_FRAMEWORK_HEADER = YES;
				CLANG_WARN_RANGE_LOOP_ANALYSIS = YES;
				CLANG_WARN_STRICT_PROTOTYPES = YES;
				CLANG_WARN_SUSPICIOUS_MOVE = YES;
				CLANG_WARN_UNGUARDED_AVAILABILITY = YES_AGGRESSIVE;
				CLANG_WARN_UNREACHABLE_CODE = YES;
				CLANG_WARN__DUPLICATE_METHOD_MATCH = YES;
				COPY_PHASE_STRIP = NO;
				DEBUG_INFORMATION_FORMAT = dwarf;
				ENABLE_STRICT_OBJC_MSGSEND = YES;
				ENABLE_TESTABILITY = YES;
				GCC_C_LANGUAGE_STANDARD = gnu11;
				GCC_DYNAMIC_NO_PIC = NO;
				GCC_NO_COMMON_BLOCKS = YES;
				GCC_OPTIMIZATION_LEVEL = 0;
				GCC_PREPROCESSOR_DEFINITIONS = (
					"DEBUG=1",
					"$(inherited)",
				);
				GCC_WARN_64_TO_32_BIT_CONVERSION = YES;
				GCC_WARN_ABOUT_RETURN_TYPE = YES_ERROR;
				GCC_WARN_UNDECLARED_SELECTOR = YES;
				GCC_WARN_UNINITIALIZED_AUTOS = YES_AGGRESSIVE;
				GCC_WARN_UNUSED_FUNCTION = YES;
				GCC_WARN_UNUSED_VARIABLE = YES;
				IPHONEOS_DEPLOYMENT_TARGET = 14.3;
				MTL_ENABLE_DEBUG_INFO = INCLUDE_SOURCE;
				MTL_FAST_MATH = YES;
				ONLY_ACTIVE_ARCH = YES;
				SDKROOT = iphoneos;
				SWIFT_ACTIVE_COMPILATION_CONDITIONS = DEBUG;
				SWIFT_OPTIMIZATION_LEVEL = "-Onone";
			};
			name = Debug;
		};
		FA883CAA25B03E8000FADF45 /* Release */ = {
			isa = XCBuildConfiguration;
			buildSettings = {
				ALWAYS_SEARCH_USER_PATHS = NO;
				CLANG_ANALYZER_NONNULL = YES;
				CLANG_ANALYZER_NUMBER_OBJECT_CONVERSION = YES_AGGRESSIVE;
				CLANG_CXX_LANGUAGE_STANDARD = "gnu++14";
				CLANG_CXX_LIBRARY = "libc++";
				CLANG_ENABLE_MODULES = YES;
				CLANG_ENABLE_OBJC_ARC = YES;
				CLANG_ENABLE_OBJC_WEAK = YES;
				CLANG_WARN_BLOCK_CAPTURE_AUTORELEASING = YES;
				CLANG_WARN_BOOL_CONVERSION = YES;
				CLANG_WARN_COMMA = YES;
				CLANG_WARN_CONSTANT_CONVERSION = YES;
				CLANG_WARN_DEPRECATED_OBJC_IMPLEMENTATIONS = YES;
				CLANG_WARN_DIRECT_OBJC_ISA_USAGE = YES_ERROR;
				CLANG_WARN_DOCUMENTATION_COMMENTS = YES;
				CLANG_WARN_EMPTY_BODY = YES;
				CLANG_WARN_ENUM_CONVERSION = YES;
				CLANG_WARN_INFINITE_RECURSION = YES;
				CLANG_WARN_INT_CONVERSION = YES;
				CLANG_WARN_NON_LITERAL_NULL_CONVERSION = YES;
				CLANG_WARN_OBJC_IMPLICIT_RETAIN_SELF = YES;
				CLANG_WARN_OBJC_LITERAL_CONVERSION = YES;
				CLANG_WARN_OBJC_ROOT_CLASS = YES_ERROR;
				CLANG_WARN_QUOTED_INCLUDE_IN_FRAMEWORK_HEADER = YES;
				CLANG_WARN_RANGE_LOOP_ANALYSIS = YES;
				CLANG_WARN_STRICT_PROTOTYPES = YES;
				CLANG_WARN_SUSPICIOUS_MOVE = YES;
				CLANG_WARN_UNGUARDED_AVAILABILITY = YES_AGGRESSIVE;
				CLANG_WARN_UNREACHABLE_CODE = YES;
				CLANG_WARN__DUPLICATE_METHOD_MATCH = YES;
				COPY_PHASE_STRIP = NO;
				DEBUG_INFORMATION_FORMAT = "dwarf-with-dsym";
				ENABLE_NS_ASSERTIONS = NO;
				ENABLE_STRICT_OBJC_MSGSEND = YES;
				GCC_C_LANGUAGE_STANDARD = gnu11;
				GCC_NO_COMMON_BLOCKS = YES;
				GCC_WARN_64_TO_32_BIT_CONVERSION = YES;
				GCC_WARN_ABOUT_RETURN_TYPE = YES_ERROR;
				GCC_WARN_UNDECLARED_SELECTOR = YES;
				GCC_WARN_UNINITIALIZED_AUTOS = YES_AGGRESSIVE;
				GCC_WARN_UNUSED_FUNCTION = YES;
				GCC_WARN_UNUSED_VARIABLE = YES;
				IPHONEOS_DEPLOYMENT_TARGET = 14.3;
				MTL_ENABLE_DEBUG_INFO = NO;
				MTL_FAST_MATH = YES;
				SDKROOT = iphoneos;
				SWIFT_COMPILATION_MODE = wholemodule;
				SWIFT_OPTIMIZATION_LEVEL = "-O";
				VALIDATE_PRODUCT = YES;
			};
			name = Release;
		};
		FA883CAC25B03E8000FADF45 /* Debug */ = {
			isa = XCBuildConfiguration;
			buildSettings = {
				ASSETCATALOG_COMPILER_APPICON_NAME = AppIcon;
				ASSETCATALOG_COMPILER_GLOBAL_ACCENT_COLOR_NAME = AccentColor;
				CLANG_ENABLE_MODULES = YES;
				CODE_SIGN_STYLE = Automatic;
				DEVELOPMENT_TEAM = PZB5AWX4Z6;
				INFOPLIST_FILE = SwiftAll/Info.plist;
				LD_RUNPATH_SEARCH_PATHS = (
					"$(inherited)",
					"@executable_path/Frameworks",
				);
				PRODUCT_BUNDLE_IDENTIFIER = DaChuiKeji.SwiftAll;
				PRODUCT_NAME = "$(TARGET_NAME)";
				SWIFT_OBJC_BRIDGING_HEADER = "SwiftAll/SQLite/SwiftAll-Bridging-Header.h";
				SWIFT_OPTIMIZATION_LEVEL = "-Onone";
				SWIFT_VERSION = 4.0;
				TARGETED_DEVICE_FAMILY = "1,2";
			};
			name = Debug;
		};
		FA883CAD25B03E8000FADF45 /* Release */ = {
			isa = XCBuildConfiguration;
			buildSettings = {
				ASSETCATALOG_COMPILER_APPICON_NAME = AppIcon;
				ASSETCATALOG_COMPILER_GLOBAL_ACCENT_COLOR_NAME = AccentColor;
				CLANG_ENABLE_MODULES = YES;
				CODE_SIGN_STYLE = Automatic;
				DEVELOPMENT_TEAM = PZB5AWX4Z6;
				INFOPLIST_FILE = SwiftAll/Info.plist;
				LD_RUNPATH_SEARCH_PATHS = (
					"$(inherited)",
					"@executable_path/Frameworks",
				);
				PRODUCT_BUNDLE_IDENTIFIER = DaChuiKeji.SwiftAll;
				PRODUCT_NAME = "$(TARGET_NAME)";
				SWIFT_OBJC_BRIDGING_HEADER = "SwiftAll/SQLite/SwiftAll-Bridging-Header.h";
				SWIFT_VERSION = 4.0;
				TARGETED_DEVICE_FAMILY = "1,2";
			};
			name = Release;
		};
		FA883CAF25B03E8000FADF45 /* Debug */ = {
			isa = XCBuildConfiguration;
			buildSettings = {
				ALWAYS_EMBED_SWIFT_STANDARD_LIBRARIES = YES;
				BUNDLE_LOADER = "$(TEST_HOST)";
				CODE_SIGN_STYLE = Automatic;
				DEVELOPMENT_TEAM = PZB5AWX4Z6;
				INFOPLIST_FILE = SwiftAllTests/Info.plist;
				IPHONEOS_DEPLOYMENT_TARGET = 14.3;
				LD_RUNPATH_SEARCH_PATHS = (
					"$(inherited)",
					"@executable_path/Frameworks",
					"@loader_path/Frameworks",
				);
				PRODUCT_BUNDLE_IDENTIFIER = DaChuiKeji.SwiftAllTests;
				PRODUCT_NAME = "$(TARGET_NAME)";
				SWIFT_VERSION = 5.0;
				TARGETED_DEVICE_FAMILY = "1,2";
				TEST_HOST = "$(BUILT_PRODUCTS_DIR)/SwiftAll.app/SwiftAll";
			};
			name = Debug;
		};
		FA883CB025B03E8000FADF45 /* Release */ = {
			isa = XCBuildConfiguration;
			buildSettings = {
				ALWAYS_EMBED_SWIFT_STANDARD_LIBRARIES = YES;
				BUNDLE_LOADER = "$(TEST_HOST)";
				CODE_SIGN_STYLE = Automatic;
				DEVELOPMENT_TEAM = PZB5AWX4Z6;
				INFOPLIST_FILE = SwiftAllTests/Info.plist;
				IPHONEOS_DEPLOYMENT_TARGET = 14.3;
				LD_RUNPATH_SEARCH_PATHS = (
					"$(inherited)",
					"@executable_path/Frameworks",
					"@loader_path/Frameworks",
				);
				PRODUCT_BUNDLE_IDENTIFIER = DaChuiKeji.SwiftAllTests;
				PRODUCT_NAME = "$(TARGET_NAME)";
				SWIFT_VERSION = 5.0;
				TARGETED_DEVICE_FAMILY = "1,2";
				TEST_HOST = "$(BUILT_PRODUCTS_DIR)/SwiftAll.app/SwiftAll";
			};
			name = Release;
		};
		FA883CB225B03E8000FADF45 /* Debug */ = {
			isa = XCBuildConfiguration;
			buildSettings = {
				ALWAYS_EMBED_SWIFT_STANDARD_LIBRARIES = YES;
				CODE_SIGN_STYLE = Automatic;
				DEVELOPMENT_TEAM = PZB5AWX4Z6;
				INFOPLIST_FILE = SwiftAllUITests/Info.plist;
				LD_RUNPATH_SEARCH_PATHS = (
					"$(inherited)",
					"@executable_path/Frameworks",
					"@loader_path/Frameworks",
				);
				PRODUCT_BUNDLE_IDENTIFIER = DaChuiKeji.SwiftAllUITests;
				PRODUCT_NAME = "$(TARGET_NAME)";
				SWIFT_VERSION = 5.0;
				TARGETED_DEVICE_FAMILY = "1,2";
				TEST_TARGET_NAME = SwiftAll;
			};
			name = Debug;
		};
		FA883CB325B03E8000FADF45 /* Release */ = {
			isa = XCBuildConfiguration;
			buildSettings = {
				ALWAYS_EMBED_SWIFT_STANDARD_LIBRARIES = YES;
				CODE_SIGN_STYLE = Automatic;
				DEVELOPMENT_TEAM = PZB5AWX4Z6;
				INFOPLIST_FILE = SwiftAllUITests/Info.plist;
				LD_RUNPATH_SEARCH_PATHS = (
					"$(inherited)",
					"@executable_path/Frameworks",
					"@loader_path/Frameworks",
				);
				PRODUCT_BUNDLE_IDENTIFIER = DaChuiKeji.SwiftAllUITests;
				PRODUCT_NAME = "$(TARGET_NAME)";
				SWIFT_VERSION = 5.0;
				TARGETED_DEVICE_FAMILY = "1,2";
				TEST_TARGET_NAME = SwiftAll;
			};
			name = Release;
		};
/* End XCBuildConfiguration section */

/* Begin XCConfigurationList section */
		FA883C7925B03E7C00FADF45 /* Build configuration list for PBXProject "SwiftAll" */ = {
			isa = XCConfigurationList;
			buildConfigurations = (
				FA883CA925B03E8000FADF45 /* Debug */,
				FA883CAA25B03E8000FADF45 /* Release */,
			);
			defaultConfigurationIsVisible = 0;
			defaultConfigurationName = Release;
		};
		FA883CAB25B03E8000FADF45 /* Build configuration list for PBXNativeTarget "SwiftAll" */ = {
			isa = XCConfigurationList;
			buildConfigurations = (
				FA883CAC25B03E8000FADF45 /* Debug */,
				FA883CAD25B03E8000FADF45 /* Release */,
			);
			defaultConfigurationIsVisible = 0;
			defaultConfigurationName = Release;
		};
		FA883CAE25B03E8000FADF45 /* Build configuration list for PBXNativeTarget "SwiftAllTests" */ = {
			isa = XCConfigurationList;
			buildConfigurations = (
				FA883CAF25B03E8000FADF45 /* Debug */,
				FA883CB025B03E8000FADF45 /* Release */,
			);
			defaultConfigurationIsVisible = 0;
			defaultConfigurationName = Release;
		};
		FA883CB125B03E8000FADF45 /* Build configuration list for PBXNativeTarget "SwiftAllUITests" */ = {
			isa = XCConfigurationList;
			buildConfigurations = (
				FA883CB225B03E8000FADF45 /* Debug */,
				FA883CB325B03E8000FADF45 /* Release */,
			);
			defaultConfigurationIsVisible = 0;
			defaultConfigurationName = Release;
		};
/* End XCConfigurationList section */

/* Begin XCVersionGroup section */
		FA883C8A25B03E7C00FADF45 /* SwiftAll.xcdatamodeld */ = {
			isa = XCVersionGroup;
			children = (
				FA883C8B25B03E7C00FADF45 /* SwiftAll.xcdatamodel */,
			);
			currentVersion = FA883C8B25B03E7C00FADF45 /* SwiftAll.xcdatamodel */;
			path = SwiftAll.xcdatamodeld;
			sourceTree = "<group>";
			versionGroupType = wrapper.xcdatamodel;
		};
/* End XCVersionGroup section */
	};
	rootObject = FA883C7625B03E7C00FADF45 /* Project object */;
}
